
Microsoft Visual Studio Solution File, Format Version 12.00
# Visual Studio Version 17
VisualStudioVersion = 17.6.33717.318
MinimumVisualStudioVersion = 10.0.40219.1
Project("{9A19103F-16F7-4668-BE54-9A1E7A4F7556}") = "T08.01", "T08.01\T08.01.csproj", "{90476171-9BDC-4B6C-B8B8-941A92D0B541}"
EndProject
Project("{9A19103F-16F7-4668-BE54-9A1E7A4F7556}") = "T08.02", "T08.02\T08.02.csproj", "{E5EADDA6-8BA0-489F-A6C4-F9661E0A520D}"
EndProject
Project("{9A19103F-16F7-4668-BE54-9A1E7A4F7556}") = "T08.03", "T08.03\T08.03.csproj", "{245A3262-1B43-4F40-88BA-999DA9DDCD99}"
EndProject
Project("{9A19103F-16F7-4668-BE54-9A1E7A4F7556}") = "T08.04", "T08.04\T08.04.csproj", "{494DBCF1-1F77-4621-A3F8-C39E97E021E6}"
EndProject
Project("{9A19103F-16F7-4668-BE54-9A1E7A4F7556}") = "T08.05", "T08.05\T08.05.csproj", "{882224AE-D60B-4AA9-9E5B-66F0A71E6220}"
EndProject
Project("{9A19103F-16F7-4668-BE54-9A1E7A4F7556}") = "T08.06", "T08.06\T08.06.csproj", "{7C7C0B76-2840-414B-9D7E-1E0559D65696}"
EndProject
Project("{9A19103F-16F7-4668-BE54-9A1E7A4F7556}") = "T08.07", "T08.07\T08.07.csproj", "{754A8F78-44C7-4754-8595-FDD012AECD08}"
EndProject
Project("{9A19103F-16F7-4668-BE54-9A1E7A4F7556}") = "T08.08", "T08.08\T08.08.csproj", "{93F56D41-4E61-4096-A1EC-EB0CE5A02AD6}"
EndProject
Project("{9A19103F-16F7-4668-BE54-9A1E7A4F7556}") = "T08.09", "T08.09\T08.09.csproj", "{601C2FEE-3209-4F58-99BB-8AEF40541B0A}"
EndProject
Project("{9A19103F-16F7-4668-BE54-9A1E7A4F7556}") = "T08.10", "T08.10\T08.10.csproj", "{657BE810-257E-4C74-8B1C-85029ACFE99B}"
EndProject
Project("{9A19103F-16F7-4668-BE54-9A1E7A4F7556}") = "T08.11", "T08.11\T08.11.csproj", "{E5928479-540A-418C-ADEA-8B1379C36C16}"
EndProject
Project("{9A19103F-16F7-4668-BE54-9A1E7A4F7556}") = "T08.12", "T08.12\T08.12.csproj", "{613479F2-CABE-461F-949E-D115FEC9CFBE}"
EndProject
Project("{9A19103F-16F7-4668-BE54-9A1E7A4F7556}") = "T08.13", "T08.13\T08.13.csproj", "{00D6F333-6F2E-4843-B296-67AE5744E806}"
EndProject
Project("{FAE04EC0-301F-11D3-BF4B-00C04F79EFBC}") = "T08.14", "T08.14\T08.14.csproj", "{C009BD8C-1DAF-4533-B6FB-B264338CBE9F}"
EndProject
Global
	GlobalSection(SolutionConfigurationPlatforms) = preSolution
		Debug|Any CPU = Debug|Any CPU
		Release|Any CPU = Release|Any CPU
	EndGlobalSection
	GlobalSection(ProjectConfigurationPlatforms) = postSolution
		{90476171-9BDC-4B6C-B8B8-941A92D0B541}.Debug|Any CPU.ActiveCfg = Debug|Any CPU
		{90476171-9BDC-4B6C-B8B8-941A92D0B541}.Debug|Any CPU.Build.0 = Debug|Any CPU
		{90476171-9BDC-4B6C-B8B8-941A92D0B541}.Release|Any CPU.ActiveCfg = Release|Any CPU
		{90476171-9BDC-4B6C-B8B8-941A92D0B541}.Release|Any CPU.Build.0 = Release|Any CPU
		{E5EADDA6-8BA0-489F-A6C4-F9661E0A520D}.Debug|Any CPU.ActiveCfg = Debug|Any CPU
		{E5EADDA6-8BA0-489F-A6C4-F9661E0A520D}.Debug|Any CPU.Build.0 = Debug|Any CPU
		{E5EADDA6-8BA0-489F-A6C4-F9661E0A520D}.Release|Any CPU.ActiveCfg = Release|Any CPU
		{E5EADDA6-8BA0-489F-A6C4-F9661E0A520D}.Release|Any CPU.Build.0 = Release|Any CPU
		{245A3262-1B43-4F40-88BA-999DA9DDCD99}.Debug|Any CPU.ActiveCfg = Debug|Any CPU
		{245A3262-1B43-4F40-88BA-999DA9DDCD99}.Debug|Any CPU.Build.0 = Debug|Any CPU
		{245A3262-1B43-4F40-88BA-999DA9DDCD99}.Release|Any CPU.ActiveCfg = Release|Any CPU
		{245A3262-1B43-4F40-88BA-999DA9DDCD99}.Release|Any CPU.Build.0 = Release|Any CPU
		{494DBCF1-1F77-4621-A3F8-C39E97E021E6}.Debug|Any CPU.ActiveCfg = Debug|Any CPU
		{494DBCF1-1F77-4621-A3F8-C39E97E021E6}.Debug|Any CPU.Build.0 = Debug|Any CPU
		{494DBCF1-1F77-4621-A3F8-C39E97E021E6}.Release|Any CPU.ActiveCfg = Release|Any CPU
		{494DBCF1-1F77-4621-A3F8-C39E97E021E6}.Release|Any CPU.Build.0 = Release|Any CPU
		{882224AE-D60B-4AA9-9E5B-66F0A71E6220}.Debug|Any CPU.ActiveCfg = Debug|Any CPU
		{882224AE-D60B-4AA9-9E5B-66F0A71E6220}.Debug|Any CPU.Build.0 = Debug|Any CPU
		{882224AE-D60B-4AA9-9E5B-66F0A71E6220}.Release|Any CPU.ActiveCfg = Release|Any CPU
		{882224AE-D60B-4AA9-9E5B-66F0A71E6220}.Release|Any CPU.Build.0 = Release|Any CPU
		{7C7C0B76-2840-414B-9D7E-1E0559D65696}.Debug|Any CPU.ActiveCfg = Debug|Any CPU
		{7C7C0B76-2840-414B-9D7E-1E0559D65696}.Debug|Any CPU.Build.0 = Debug|Any CPU
		{7C7C0B76-2840-414B-9D7E-1E0559D65696}.Release|Any CPU.ActiveCfg = Release|Any CPU
		{7C7C0B76-2840-414B-9D7E-1E0559D65696}.Release|Any CPU.Build.0 = Release|Any CPU
		{754A8F78-44C7-4754-8595-FDD012AECD08}.Debug|Any CPU.ActiveCfg = Debug|Any CPU
		{754A8F78-44C7-4754-8595-FDD012AECD08}.Debug|Any CPU.Build.0 = Debug|Any CPU
		{754A8F78-44C7-4754-8595-FDD012AECD08}.Release|Any CPU.ActiveCfg = Release|Any CPU
		{754A8F78-44C7-4754-8595-FDD012AECD08}.Release|Any CPU.Build.0 = Release|Any CPU
		{93F56D41-4E61-4096-A1EC-EB0CE5A02AD6}.Debug|Any CPU.ActiveCfg = Debug|Any CPU
		{93F56D41-4E61-4096-A1EC-EB0CE5A02AD6}.Debug|Any CPU.Build.0 = Debug|Any CPU
		{93F56D41-4E61-4096-A1EC-EB0CE5A02AD6}.Release|Any CPU.ActiveCfg = Release|Any CPU
		{93F56D41-4E61-4096-A1EC-EB0CE5A02AD6}.Release|Any CPU.Build.0 = Release|Any CPU
		{601C2FEE-3209-4F58-99BB-8AEF40541B0A}.Debug|Any CPU.ActiveCfg = Debug|Any CPU
		{601C2FEE-3209-4F58-99BB-8AEF40541B0A}.Debug|Any CPU.Build.0 = Debug|Any CPU
		{601C2FEE-3209-4F58-99BB-8AEF40541B0A}.Release|Any CPU.ActiveCfg = Release|Any CPU
		{601C2FEE-3209-4F58-99BB-8AEF40541B0A}.Release|Any CPU.Build.0 = Release|Any CPU
		{657BE810-257E-4C74-8B1C-85029ACFE99B}.Debug|Any CPU.ActiveCfg = Debug|Any CPU
		{657BE810-257E-4C74-8B1C-85029ACFE99B}.Debug|Any CPU.Build.0 = Debug|Any CPU
		{657BE810-257E-4C74-8B1C-85029ACFE99B}.Release|Any CPU.ActiveCfg = Release|Any CPU
		{657BE810-257E-4C74-8B1C-85029ACFE99B}.Release|Any CPU.Build.0 = Release|Any CPU
		{E5928479-540A-418C-ADEA-8B1379C36C16}.Debug|Any CPU.ActiveCfg = Debug|Any CPU
		{E5928479-540A-418C-ADEA-8B1379C36C16}.Debug|Any CPU.Build.0 = Debug|Any CPU
		{E5928479-540A-418C-ADEA-8B1379C36C16}.Release|Any CPU.ActiveCfg = Release|Any CPU
		{E5928479-540A-418C-ADEA-8B1379C36C16}.Release|Any CPU.Build.0 = Release|Any CPU
		{613479F2-CABE-461F-949E-D115FEC9CFBE}.Debug|Any CPU.ActiveCfg = Debug|Any CPU
		{613479F2-CABE-461F-949E-D115FEC9CFBE}.Debug|Any CPU.Build.0 = Debug|Any CPU
		{613479F2-CABE-461F-949E-D115FEC9CFBE}.Release|Any CPU.ActiveCfg = Release|Any CPU
		{613479F2-CABE-461F-949E-D115FEC9CFBE}.Release|Any CPU.Build.0 = Release|Any CPU
		{00D6F333-6F2E-4843-B296-67AE5744E806}.Debug|Any CPU.ActiveCfg = Debug|Any CPU
		{00D6F333-6F2E-4843-B296-67AE5744E806}.Debug|Any CPU.Build.0 = Debug|Any CPU
		{00D6F333-6F2E-4843-B296-67AE5744E806}.Release|Any CPU.ActiveCfg = Release|Any CPU
		{00D6F333-6F2E-4843-B296-67AE5744E806}.Release|Any CPU.Build.0 = Release|Any CPU
		{C009BD8C-1DAF-4533-B6FB-B264338CBE9F}.Debug|Any CPU.ActiveCfg = Debug|Any CPU
		{C009BD8C-1DAF-4533-B6FB-B264338CBE9F}.Debug|Any CPU.Build.0 = Debug|Any CPU
		{C009BD8C-1DAF-4533-B6FB-B264338CBE9F}.Release|Any CPU.ActiveCfg = Release|Any CPU
		{C009BD8C-1DAF-4533-B6FB-B264338CBE9F}.Release|Any CPU.Build.0 = Release|Any CPU
	EndGlobalSection
	GlobalSection(SolutionProperties) = preSolution
		HideSolutionNode = FALSE
	EndGlobalSection
	GlobalSection(ExtensibilityGlobals) = postSolution
		SolutionGuid = {577BBEEC-814D-473E-9478-7AE5D3E675B7}
	EndGlobalSection
EndGlobal
