
Microsoft Visual Studio Solution File, Format Version 12.00
# Visual Studio Version 17
VisualStudioVersion = 17.6.33815.320
MinimumVisualStudioVersion = 10.0.40219.1
Project("{FAE04EC0-301F-11D3-BF4B-00C04F79EFBC}") = "T17.01", "T17.01\T17.01.csproj", "{C49C628F-2A38-4A70-B72F-FAA1BBC0CD1D}"
EndProject
Project("{2150E333-8FDC-42A3-9474-1A3956D46DE8}") = "Itens de Solução", "Itens de Solução", "{CD5D6D5B-3EFA-4204-B790-DF9E24D9E4BD}"
	ProjectSection(SolutionItems) = preProject
		readme.md = readme.md
	EndProjectSection
EndProject
Project("{FAE04EC0-301F-11D3-BF4B-00C04F79EFBC}") = "T17.02", "T17.02\T17.02.csproj", "{5B24A4ED-9E7B-42A8-948A-CC38EF488DFF}"
EndProject
Project("{FAE04EC0-301F-11D3-BF4B-00C04F79EFBC}") = "T17.03", "T17.03\T17.03.csproj", "{6F3E089F-E9DA-4360-BA79-2AC9C294C1C6}"
EndProject
Project("{FAE04EC0-301F-11D3-BF4B-00C04F79EFBC}") = "T17.04", "T17.04\T17.04.csproj", "{6A09CB50-7AD7-4499-9A88-C16592770955}"
EndProject
Project("{FAE04EC0-301F-11D3-BF4B-00C04F79EFBC}") = "T17.05", "T17.05\T17.05.csproj", "{ED11B90E-3399-4AF4-86A1-CC94A4DEBD93}"
EndProject
Project("{FAE04EC0-301F-11D3-BF4B-00C04F79EFBC}") = "T17.06", "T17.06\T17.06.csproj", "{41907B29-D725-4EF2-9F2E-8CF0FC6FD4D6}"
EndProject
Project("{FAE04EC0-301F-11D3-BF4B-00C04F79EFBC}") = "T17.07", "T17.07\T17.07.csproj", "{F5918BDB-0F39-4D94-B6DC-5998E40D51EF}"
EndProject
Project("{FAE04EC0-301F-11D3-BF4B-00C04F79EFBC}") = "T17.08", "T17.08\T17.08.csproj", "{6A619176-50C0-4202-A9E0-A347F443A51E}"
EndProject
Project("{FAE04EC0-301F-11D3-BF4B-00C04F79EFBC}") = "T17.09", "T17.09\T17.09.csproj", "{73F7F93C-A7A3-42CA-A496-5E1DAF2AF543}"
EndProject
Project("{FAE04EC0-301F-11D3-BF4B-00C04F79EFBC}") = "T17.10", "T17.10\T17.10.csproj", "{2836499D-AF49-4F29-B511-3A7F595DE95B}"
EndProject
Project("{FAE04EC0-301F-11D3-BF4B-00C04F79EFBC}") = "T17.11", "T17.11\T17.11.csproj", "{43919AD7-ECE1-4539-B99B-BB5230ACF473}"
EndProject
Global
	GlobalSection(SolutionConfigurationPlatforms) = preSolution
		Debug|Any CPU = Debug|Any CPU
		Release|Any CPU = Release|Any CPU
	EndGlobalSection
	GlobalSection(ProjectConfigurationPlatforms) = postSolution
		{C49C628F-2A38-4A70-B72F-FAA1BBC0CD1D}.Debug|Any CPU.ActiveCfg = Debug|Any CPU
		{C49C628F-2A38-4A70-B72F-FAA1BBC0CD1D}.Debug|Any CPU.Build.0 = Debug|Any CPU
		{C49C628F-2A38-4A70-B72F-FAA1BBC0CD1D}.Release|Any CPU.ActiveCfg = Release|Any CPU
		{C49C628F-2A38-4A70-B72F-FAA1BBC0CD1D}.Release|Any CPU.Build.0 = Release|Any CPU
		{5B24A4ED-9E7B-42A8-948A-CC38EF488DFF}.Debug|Any CPU.ActiveCfg = Debug|Any CPU
		{5B24A4ED-9E7B-42A8-948A-CC38EF488DFF}.Debug|Any CPU.Build.0 = Debug|Any CPU
		{5B24A4ED-9E7B-42A8-948A-CC38EF488DFF}.Release|Any CPU.ActiveCfg = Release|Any CPU
		{5B24A4ED-9E7B-42A8-948A-CC38EF488DFF}.Release|Any CPU.Build.0 = Release|Any CPU
		{6F3E089F-E9DA-4360-BA79-2AC9C294C1C6}.Debug|Any CPU.ActiveCfg = Debug|Any CPU
		{6F3E089F-E9DA-4360-BA79-2AC9C294C1C6}.Debug|Any CPU.Build.0 = Debug|Any CPU
		{6F3E089F-E9DA-4360-BA79-2AC9C294C1C6}.Release|Any CPU.ActiveCfg = Release|Any CPU
		{6F3E089F-E9DA-4360-BA79-2AC9C294C1C6}.Release|Any CPU.Build.0 = Release|Any CPU
		{6A09CB50-7AD7-4499-9A88-C16592770955}.Debug|Any CPU.ActiveCfg = Debug|Any CPU
		{6A09CB50-7AD7-4499-9A88-C16592770955}.Debug|Any CPU.Build.0 = Debug|Any CPU
		{6A09CB50-7AD7-4499-9A88-C16592770955}.Release|Any CPU.ActiveCfg = Release|Any CPU
		{6A09CB50-7AD7-4499-9A88-C16592770955}.Release|Any CPU.Build.0 = Release|Any CPU
		{ED11B90E-3399-4AF4-86A1-CC94A4DEBD93}.Debug|Any CPU.ActiveCfg = Debug|Any CPU
		{ED11B90E-3399-4AF4-86A1-CC94A4DEBD93}.Debug|Any CPU.Build.0 = Debug|Any CPU
		{ED11B90E-3399-4AF4-86A1-CC94A4DEBD93}.Release|Any CPU.ActiveCfg = Release|Any CPU
		{ED11B90E-3399-4AF4-86A1-CC94A4DEBD93}.Release|Any CPU.Build.0 = Release|Any CPU
		{41907B29-D725-4EF2-9F2E-8CF0FC6FD4D6}.Debug|Any CPU.ActiveCfg = Debug|Any CPU
		{41907B29-D725-4EF2-9F2E-8CF0FC6FD4D6}.Debug|Any CPU.Build.0 = Debug|Any CPU
		{41907B29-D725-4EF2-9F2E-8CF0FC6FD4D6}.Release|Any CPU.ActiveCfg = Release|Any CPU
		{41907B29-D725-4EF2-9F2E-8CF0FC6FD4D6}.Release|Any CPU.Build.0 = Release|Any CPU
		{F5918BDB-0F39-4D94-B6DC-5998E40D51EF}.Debug|Any CPU.ActiveCfg = Debug|Any CPU
		{F5918BDB-0F39-4D94-B6DC-5998E40D51EF}.Debug|Any CPU.Build.0 = Debug|Any CPU
		{F5918BDB-0F39-4D94-B6DC-5998E40D51EF}.Release|Any CPU.ActiveCfg = Release|Any CPU
		{F5918BDB-0F39-4D94-B6DC-5998E40D51EF}.Release|Any CPU.Build.0 = Release|Any CPU
		{6A619176-50C0-4202-A9E0-A347F443A51E}.Debug|Any CPU.ActiveCfg = Debug|Any CPU
		{6A619176-50C0-4202-A9E0-A347F443A51E}.Debug|Any CPU.Build.0 = Debug|Any CPU
		{6A619176-50C0-4202-A9E0-A347F443A51E}.Release|Any CPU.ActiveCfg = Release|Any CPU
		{6A619176-50C0-4202-A9E0-A347F443A51E}.Release|Any CPU.Build.0 = Release|Any CPU
		{73F7F93C-A7A3-42CA-A496-5E1DAF2AF543}.Debug|Any CPU.ActiveCfg = Debug|Any CPU
		{73F7F93C-A7A3-42CA-A496-5E1DAF2AF543}.Debug|Any CPU.Build.0 = Debug|Any CPU
		{73F7F93C-A7A3-42CA-A496-5E1DAF2AF543}.Release|Any CPU.ActiveCfg = Release|Any CPU
		{73F7F93C-A7A3-42CA-A496-5E1DAF2AF543}.Release|Any CPU.Build.0 = Release|Any CPU
		{2836499D-AF49-4F29-B511-3A7F595DE95B}.Debug|Any CPU.ActiveCfg = Debug|Any CPU
		{2836499D-AF49-4F29-B511-3A7F595DE95B}.Debug|Any CPU.Build.0 = Debug|Any CPU
		{2836499D-AF49-4F29-B511-3A7F595DE95B}.Release|Any CPU.ActiveCfg = Release|Any CPU
		{2836499D-AF49-4F29-B511-3A7F595DE95B}.Release|Any CPU.Build.0 = Release|Any CPU
		{43919AD7-ECE1-4539-B99B-BB5230ACF473}.Debug|Any CPU.ActiveCfg = Debug|Any CPU
		{43919AD7-ECE1-4539-B99B-BB5230ACF473}.Debug|Any CPU.Build.0 = Debug|Any CPU
		{43919AD7-ECE1-4539-B99B-BB5230ACF473}.Release|Any CPU.ActiveCfg = Release|Any CPU
		{43919AD7-ECE1-4539-B99B-BB5230ACF473}.Release|Any CPU.Build.0 = Release|Any CPU
	EndGlobalSection
	GlobalSection(SolutionProperties) = preSolution
		HideSolutionNode = FALSE
	EndGlobalSection
	GlobalSection(ExtensibilityGlobals) = postSolution
		SolutionGuid = {4BDB8A5A-2194-41FE-A551-422550A39250}
	EndGlobalSection
EndGlobal
