
Microsoft Visual Studio Solution File, Format Version 12.00
# Visual Studio Version 17
VisualStudioVersion = 17.5.33627.172
MinimumVisualStudioVersion = 10.0.40219.1
Project("{9A19103F-16F7-4668-BE54-9A1E7A4F7556}") = "t13.01", "t13.01\t13.01.csproj", "{CD075889-8CA5-473D-B0A9-9FCA79A56455}"
EndProject
Project("{FAE04EC0-301F-11D3-BF4B-00C04F79EFBC}") = "t13.02", "t13.02\t13.02.csproj", "{1AFD1B1A-A70C-495B-B767-53F8180B2BEB}"
EndProject
Project("{FAE04EC0-301F-11D3-BF4B-00C04F79EFBC}") = "t13.03", "t13.03\t13.03.csproj", "{C7C7EC45-97C2-457C-B08B-4095CA9E3C2B}"
EndProject
Global
	GlobalSection(SolutionConfigurationPlatforms) = preSolution
		Debug|Any CPU = Debug|Any CPU
		Release|Any CPU = Release|Any CPU
	EndGlobalSection
	GlobalSection(ProjectConfigurationPlatforms) = postSolution
		{CD075889-8CA5-473D-B0A9-9FCA79A56455}.Debug|Any CPU.ActiveCfg = Debug|Any CPU
		{CD075889-8CA5-473D-B0A9-9FCA79A56455}.Debug|Any CPU.Build.0 = Debug|Any CPU
		{CD075889-8CA5-473D-B0A9-9FCA79A56455}.Release|Any CPU.ActiveCfg = Release|Any CPU
		{CD075889-8CA5-473D-B0A9-9FCA79A56455}.Release|Any CPU.Build.0 = Release|Any CPU
		{1AFD1B1A-A70C-495B-B767-53F8180B2BEB}.Debug|Any CPU.ActiveCfg = Debug|Any CPU
		{1AFD1B1A-A70C-495B-B767-53F8180B2BEB}.Debug|Any CPU.Build.0 = Debug|Any CPU
		{1AFD1B1A-A70C-495B-B767-53F8180B2BEB}.Release|Any CPU.ActiveCfg = Release|Any CPU
		{1AFD1B1A-A70C-495B-B767-53F8180B2BEB}.Release|Any CPU.Build.0 = Release|Any CPU
		{C7C7EC45-97C2-457C-B08B-4095CA9E3C2B}.Debug|Any CPU.ActiveCfg = Debug|Any CPU
		{C7C7EC45-97C2-457C-B08B-4095CA9E3C2B}.Debug|Any CPU.Build.0 = Debug|Any CPU
		{C7C7EC45-97C2-457C-B08B-4095CA9E3C2B}.Release|Any CPU.ActiveCfg = Release|Any CPU
		{C7C7EC45-97C2-457C-B08B-4095CA9E3C2B}.Release|Any CPU.Build.0 = Release|Any CPU
	EndGlobalSection
	GlobalSection(SolutionProperties) = preSolution
		HideSolutionNode = FALSE
	EndGlobalSection
	GlobalSection(ExtensibilityGlobals) = postSolution
		SolutionGuid = {00EB01B5-8450-4D69-921C-C4017514A535}
	EndGlobalSection
EndGlobal
