
Microsoft Visual Studio Solution File, Format Version 12.00
# Visual Studio Version 17
VisualStudioVersion = 17.6.33829.357
MinimumVisualStudioVersion = 10.0.40219.1
Project("{FAE04EC0-301F-11D3-BF4B-00C04F79EFBC}") = "Restaurante", "Restaurante.csproj", "{05771BF8-DB86-4F35-A472-2C401BE6CC1B}"
EndProject
Global
	GlobalSection(SolutionConfigurationPlatforms) = preSolution
		Debug|Any CPU = Debug|Any CPU
		Release|Any CPU = Release|Any CPU
	EndGlobalSection
	GlobalSection(ProjectConfigurationPlatforms) = postSolution
		{05771BF8-DB86-4F35-A472-2C401BE6CC1B}.Debug|Any CPU.ActiveCfg = Debug|Any CPU
		{05771BF8-DB86-4F35-A472-2C401BE6CC1B}.Debug|Any CPU.Build.0 = Debug|Any CPU
		{05771BF8-DB86-4F35-A472-2C401BE6CC1B}.Release|Any CPU.ActiveCfg = Release|Any CPU
		{05771BF8-DB86-4F35-A472-2C401BE6CC1B}.Release|Any CPU.Build.0 = Release|Any CPU
	EndGlobalSection
	GlobalSection(SolutionProperties) = preSolution
		HideSolutionNode = FALSE
	EndGlobalSection
	GlobalSection(ExtensibilityGlobals) = postSolution
		SolutionGuid = {7BA9E83F-FF83-4D31-915F-05399A88B8CC}
	EndGlobalSection
EndGlobal
