
Microsoft Visual Studio Solution File, Format Version 12.00
# Visual Studio Version 17
VisualStudioVersion = 17.5.33627.172
MinimumVisualStudioVersion = 10.0.40219.1
Project("{FAE04EC0-301F-11D3-BF4B-00C04F79EFBC}") = "T10", "T10.csproj", "{48E514EF-F471-44F9-BEB7-B645ABA21467}"
EndProject
Global
	GlobalSection(SolutionConfigurationPlatforms) = preSolution
		Debug|Any CPU = Debug|Any CPU
		Release|Any CPU = Release|Any CPU
	EndGlobalSection
	GlobalSection(ProjectConfigurationPlatforms) = postSolution
		{48E514EF-F471-44F9-BEB7-B645ABA21467}.Debug|Any CPU.ActiveCfg = Debug|Any CPU
		{48E514EF-F471-44F9-BEB7-B645ABA21467}.Debug|Any CPU.Build.0 = Debug|Any CPU
		{48E514EF-F471-44F9-BEB7-B645ABA21467}.Release|Any CPU.ActiveCfg = Release|Any CPU
		{48E514EF-F471-44F9-BEB7-B645ABA21467}.Release|Any CPU.Build.0 = Release|Any CPU
	EndGlobalSection
	GlobalSection(SolutionProperties) = preSolution
		HideSolutionNode = FALSE
	EndGlobalSection
	GlobalSection(ExtensibilityGlobals) = postSolution
		SolutionGuid = {621E9B68-8540-4214-BCF7-D9C5A9B744DA}
	EndGlobalSection
EndGlobal
