
Microsoft Visual Studio Solution File, Format Version 12.00
# Visual Studio Version 17
VisualStudioVersion = 17.6.33829.357
MinimumVisualStudioVersion = 10.0.40219.1
Project("{FAE04EC0-301F-11D3-BF4B-00C04F79EFBC}") = "Cartas", "Cartas\Cartas.csproj", "{A3624744-5243-4C8E-AC6E-759D2F26B2A4}"
EndProject
Project("{FAE04EC0-301F-11D3-BF4B-00C04F79EFBC}") = "Circulo", "Circulo\Circulo.csproj", "{79920EE1-1B6D-496C-8545-621446A1C291}"
EndProject
Project("{FAE04EC0-301F-11D3-BF4B-00C04F79EFBC}") = "Associacao", "Associacoes\Associacao.csproj", "{25D36E33-9453-43AA-B6A3-C3872AECEE8F}"
EndProject
Project("{FAE04EC0-301F-11D3-BF4B-00C04F79EFBC}") = "Heranca", "Heranca\Heranca.csproj", "{7A91710B-A327-47BD-9BAA-FF2CF9F55184}"
EndProject
Project("{FAE04EC0-301F-11D3-BF4B-00C04F79EFBC}") = "Fidelidade", "Fidelidade\Fidelidade.csproj", "{12552137-D809-4714-A15E-1893F190C2A5}"
EndProject
Project("{FAE04EC0-301F-11D3-BF4B-00C04F79EFBC}") = "Revisao", "Revisao\Revisao.csproj", "{0ED592BC-60B0-4501-9C06-F2E9FEE33955}"
EndProject
Project("{FAE04EC0-301F-11D3-BF4B-00C04F79EFBC}") = "Restaurante", "Restaurante\Restaurante.csproj", "{BDD3B2B6-4276-4BE6-8700-FEA131D07AA0}"
EndProject
Project("{FAE04EC0-301F-11D3-BF4B-00C04F79EFBC}") = "MesasOcupadas", "MesasOcupadas\MesasOcupadas.csproj", "{5713C3AB-FE18-48D8-85E0-96F8525B70A4}"
EndProject
Project("{FAE04EC0-301F-11D3-BF4B-00C04F79EFBC}") = "AgenciaBancaria", "AgenciaBancaria\AgenciaBancaria.csproj", "{C050215A-9220-4347-A295-36B548E78B9F}"
EndProject
Project("{FAE04EC0-301F-11D3-BF4B-00C04F79EFBC}") = "Onibus", "Onibus\Onibus.csproj", "{A984132B-ED7C-49AC-ABB9-608D3802E564}"
EndProject
Project("{FAE04EC0-301F-11D3-BF4B-00C04F79EFBC}") = "OnibusViagem", "OnibusViagem\OnibusViagem.csproj", "{00D7AE4F-9454-46F9-8D6B-EB56141F0F0E}"
EndProject
Project("{FAE04EC0-301F-11D3-BF4B-00C04F79EFBC}") = "Feriados", "Feriados\Feriados.csproj", "{75DB8ABA-66CB-48C3-B1F9-5EEB88E665CA}"
EndProject
Project("{FAE04EC0-301F-11D3-BF4B-00C04F79EFBC}") = "Linha", "Linha\Linha.csproj", "{70A5D1E2-5AF6-4539-BA72-7F146781A5A9}"
EndProject
Project("{FAE04EC0-301F-11D3-BF4B-00C04F79EFBC}") = "Computador", "Computador\Computador.csproj", "{95E1456C-C4AF-4719-8BF7-71E5123867FF}"
EndProject
Project("{FAE04EC0-301F-11D3-BF4B-00C04F79EFBC}") = "ExpressoesAritmeticas", "ExpressoesAritmeticas\ExpressoesAritmeticas.csproj", "{9B009B14-CE26-4332-B907-4518201A37A9}"
EndProject
Project("{FAE04EC0-301F-11D3-BF4B-00C04F79EFBC}") = "RelacaoAssociacao", "RelacaoAssociacao\RelacaoAssociacao.csproj", "{F8F72DAF-BDD1-43E2-96BC-4C5F709FCCC9}"
EndProject
Project("{FAE04EC0-301F-11D3-BF4B-00C04F79EFBC}") = "Pixel", "Pixel\Pixel.csproj", "{BB15C21C-341A-4D3A-B843-52C1D9DD49C7}"
EndProject
Project("{FAE04EC0-301F-11D3-BF4B-00C04F79EFBC}") = "Diretor", "Diretor\Diretor.csproj", "{2B0ABBEC-7969-46BB-B227-AF3B6700BB62}"
EndProject
Project("{FAE04EC0-301F-11D3-BF4B-00C04F79EFBC}") = "Presidente", "Presidente\Presidente.csproj", "{934237AE-CF4C-437E-BB7D-AE6DB7852A3C}"
EndProject
Project("{FAE04EC0-301F-11D3-BF4B-00C04F79EFBC}") = "Disco", "Disco\Disco.csproj", "{B43AD71A-B11B-4968-A1F3-B4E56A7CA57B}"
EndProject
Global
	GlobalSection(SolutionConfigurationPlatforms) = preSolution
		Debug|Any CPU = Debug|Any CPU
		Release|Any CPU = Release|Any CPU
	EndGlobalSection
	GlobalSection(ProjectConfigurationPlatforms) = postSolution
		{A3624744-5243-4C8E-AC6E-759D2F26B2A4}.Debug|Any CPU.ActiveCfg = Debug|Any CPU
		{A3624744-5243-4C8E-AC6E-759D2F26B2A4}.Debug|Any CPU.Build.0 = Debug|Any CPU
		{A3624744-5243-4C8E-AC6E-759D2F26B2A4}.Release|Any CPU.ActiveCfg = Release|Any CPU
		{A3624744-5243-4C8E-AC6E-759D2F26B2A4}.Release|Any CPU.Build.0 = Release|Any CPU
		{79920EE1-1B6D-496C-8545-621446A1C291}.Debug|Any CPU.ActiveCfg = Debug|Any CPU
		{79920EE1-1B6D-496C-8545-621446A1C291}.Debug|Any CPU.Build.0 = Debug|Any CPU
		{79920EE1-1B6D-496C-8545-621446A1C291}.Release|Any CPU.ActiveCfg = Release|Any CPU
		{79920EE1-1B6D-496C-8545-621446A1C291}.Release|Any CPU.Build.0 = Release|Any CPU
		{25D36E33-9453-43AA-B6A3-C3872AECEE8F}.Debug|Any CPU.ActiveCfg = Debug|Any CPU
		{25D36E33-9453-43AA-B6A3-C3872AECEE8F}.Debug|Any CPU.Build.0 = Debug|Any CPU
		{25D36E33-9453-43AA-B6A3-C3872AECEE8F}.Release|Any CPU.ActiveCfg = Release|Any CPU
		{25D36E33-9453-43AA-B6A3-C3872AECEE8F}.Release|Any CPU.Build.0 = Release|Any CPU
		{7A91710B-A327-47BD-9BAA-FF2CF9F55184}.Debug|Any CPU.ActiveCfg = Debug|Any CPU
		{7A91710B-A327-47BD-9BAA-FF2CF9F55184}.Debug|Any CPU.Build.0 = Debug|Any CPU
		{7A91710B-A327-47BD-9BAA-FF2CF9F55184}.Release|Any CPU.ActiveCfg = Release|Any CPU
		{7A91710B-A327-47BD-9BAA-FF2CF9F55184}.Release|Any CPU.Build.0 = Release|Any CPU
		{12552137-D809-4714-A15E-1893F190C2A5}.Debug|Any CPU.ActiveCfg = Debug|Any CPU
		{12552137-D809-4714-A15E-1893F190C2A5}.Debug|Any CPU.Build.0 = Debug|Any CPU
		{12552137-D809-4714-A15E-1893F190C2A5}.Release|Any CPU.ActiveCfg = Release|Any CPU
		{12552137-D809-4714-A15E-1893F190C2A5}.Release|Any CPU.Build.0 = Release|Any CPU
		{0ED592BC-60B0-4501-9C06-F2E9FEE33955}.Debug|Any CPU.ActiveCfg = Debug|Any CPU
		{0ED592BC-60B0-4501-9C06-F2E9FEE33955}.Debug|Any CPU.Build.0 = Debug|Any CPU
		{0ED592BC-60B0-4501-9C06-F2E9FEE33955}.Release|Any CPU.ActiveCfg = Release|Any CPU
		{0ED592BC-60B0-4501-9C06-F2E9FEE33955}.Release|Any CPU.Build.0 = Release|Any CPU
		{BDD3B2B6-4276-4BE6-8700-FEA131D07AA0}.Debug|Any CPU.ActiveCfg = Debug|Any CPU
		{BDD3B2B6-4276-4BE6-8700-FEA131D07AA0}.Debug|Any CPU.Build.0 = Debug|Any CPU
		{BDD3B2B6-4276-4BE6-8700-FEA131D07AA0}.Release|Any CPU.ActiveCfg = Release|Any CPU
		{BDD3B2B6-4276-4BE6-8700-FEA131D07AA0}.Release|Any CPU.Build.0 = Release|Any CPU
		{5713C3AB-FE18-48D8-85E0-96F8525B70A4}.Debug|Any CPU.ActiveCfg = Debug|Any CPU
		{5713C3AB-FE18-48D8-85E0-96F8525B70A4}.Debug|Any CPU.Build.0 = Debug|Any CPU
		{5713C3AB-FE18-48D8-85E0-96F8525B70A4}.Release|Any CPU.ActiveCfg = Release|Any CPU
		{5713C3AB-FE18-48D8-85E0-96F8525B70A4}.Release|Any CPU.Build.0 = Release|Any CPU
		{C050215A-9220-4347-A295-36B548E78B9F}.Debug|Any CPU.ActiveCfg = Debug|Any CPU
		{C050215A-9220-4347-A295-36B548E78B9F}.Debug|Any CPU.Build.0 = Debug|Any CPU
		{C050215A-9220-4347-A295-36B548E78B9F}.Release|Any CPU.ActiveCfg = Release|Any CPU
		{C050215A-9220-4347-A295-36B548E78B9F}.Release|Any CPU.Build.0 = Release|Any CPU
		{A984132B-ED7C-49AC-ABB9-608D3802E564}.Debug|Any CPU.ActiveCfg = Debug|Any CPU
		{A984132B-ED7C-49AC-ABB9-608D3802E564}.Debug|Any CPU.Build.0 = Debug|Any CPU
		{A984132B-ED7C-49AC-ABB9-608D3802E564}.Release|Any CPU.ActiveCfg = Release|Any CPU
		{A984132B-ED7C-49AC-ABB9-608D3802E564}.Release|Any CPU.Build.0 = Release|Any CPU
		{00D7AE4F-9454-46F9-8D6B-EB56141F0F0E}.Debug|Any CPU.ActiveCfg = Debug|Any CPU
		{00D7AE4F-9454-46F9-8D6B-EB56141F0F0E}.Debug|Any CPU.Build.0 = Debug|Any CPU
		{00D7AE4F-9454-46F9-8D6B-EB56141F0F0E}.Release|Any CPU.ActiveCfg = Release|Any CPU
		{00D7AE4F-9454-46F9-8D6B-EB56141F0F0E}.Release|Any CPU.Build.0 = Release|Any CPU
		{75DB8ABA-66CB-48C3-B1F9-5EEB88E665CA}.Debug|Any CPU.ActiveCfg = Debug|Any CPU
		{75DB8ABA-66CB-48C3-B1F9-5EEB88E665CA}.Debug|Any CPU.Build.0 = Debug|Any CPU
		{75DB8ABA-66CB-48C3-B1F9-5EEB88E665CA}.Release|Any CPU.ActiveCfg = Release|Any CPU
		{75DB8ABA-66CB-48C3-B1F9-5EEB88E665CA}.Release|Any CPU.Build.0 = Release|Any CPU
		{70A5D1E2-5AF6-4539-BA72-7F146781A5A9}.Debug|Any CPU.ActiveCfg = Debug|Any CPU
		{70A5D1E2-5AF6-4539-BA72-7F146781A5A9}.Debug|Any CPU.Build.0 = Debug|Any CPU
		{70A5D1E2-5AF6-4539-BA72-7F146781A5A9}.Release|Any CPU.ActiveCfg = Release|Any CPU
		{70A5D1E2-5AF6-4539-BA72-7F146781A5A9}.Release|Any CPU.Build.0 = Release|Any CPU
		{95E1456C-C4AF-4719-8BF7-71E5123867FF}.Debug|Any CPU.ActiveCfg = Debug|Any CPU
		{95E1456C-C4AF-4719-8BF7-71E5123867FF}.Debug|Any CPU.Build.0 = Debug|Any CPU
		{95E1456C-C4AF-4719-8BF7-71E5123867FF}.Release|Any CPU.ActiveCfg = Release|Any CPU
		{95E1456C-C4AF-4719-8BF7-71E5123867FF}.Release|Any CPU.Build.0 = Release|Any CPU
		{9B009B14-CE26-4332-B907-4518201A37A9}.Debug|Any CPU.ActiveCfg = Debug|Any CPU
		{9B009B14-CE26-4332-B907-4518201A37A9}.Debug|Any CPU.Build.0 = Debug|Any CPU
		{9B009B14-CE26-4332-B907-4518201A37A9}.Release|Any CPU.ActiveCfg = Release|Any CPU
		{9B009B14-CE26-4332-B907-4518201A37A9}.Release|Any CPU.Build.0 = Release|Any CPU
		{F8F72DAF-BDD1-43E2-96BC-4C5F709FCCC9}.Debug|Any CPU.ActiveCfg = Debug|Any CPU
		{F8F72DAF-BDD1-43E2-96BC-4C5F709FCCC9}.Debug|Any CPU.Build.0 = Debug|Any CPU
		{F8F72DAF-BDD1-43E2-96BC-4C5F709FCCC9}.Release|Any CPU.ActiveCfg = Release|Any CPU
		{F8F72DAF-BDD1-43E2-96BC-4C5F709FCCC9}.Release|Any CPU.Build.0 = Release|Any CPU
		{BB15C21C-341A-4D3A-B843-52C1D9DD49C7}.Debug|Any CPU.ActiveCfg = Debug|Any CPU
		{BB15C21C-341A-4D3A-B843-52C1D9DD49C7}.Debug|Any CPU.Build.0 = Debug|Any CPU
		{BB15C21C-341A-4D3A-B843-52C1D9DD49C7}.Release|Any CPU.ActiveCfg = Release|Any CPU
		{BB15C21C-341A-4D3A-B843-52C1D9DD49C7}.Release|Any CPU.Build.0 = Release|Any CPU
		{2B0ABBEC-7969-46BB-B227-AF3B6700BB62}.Debug|Any CPU.ActiveCfg = Debug|Any CPU
		{2B0ABBEC-7969-46BB-B227-AF3B6700BB62}.Debug|Any CPU.Build.0 = Debug|Any CPU
		{2B0ABBEC-7969-46BB-B227-AF3B6700BB62}.Release|Any CPU.ActiveCfg = Release|Any CPU
		{2B0ABBEC-7969-46BB-B227-AF3B6700BB62}.Release|Any CPU.Build.0 = Release|Any CPU
		{934237AE-CF4C-437E-BB7D-AE6DB7852A3C}.Debug|Any CPU.ActiveCfg = Debug|Any CPU
		{934237AE-CF4C-437E-BB7D-AE6DB7852A3C}.Debug|Any CPU.Build.0 = Debug|Any CPU
		{934237AE-CF4C-437E-BB7D-AE6DB7852A3C}.Release|Any CPU.ActiveCfg = Release|Any CPU
		{934237AE-CF4C-437E-BB7D-AE6DB7852A3C}.Release|Any CPU.Build.0 = Release|Any CPU
		{B43AD71A-B11B-4968-A1F3-B4E56A7CA57B}.Debug|Any CPU.ActiveCfg = Debug|Any CPU
		{B43AD71A-B11B-4968-A1F3-B4E56A7CA57B}.Debug|Any CPU.Build.0 = Debug|Any CPU
		{B43AD71A-B11B-4968-A1F3-B4E56A7CA57B}.Release|Any CPU.ActiveCfg = Release|Any CPU
		{B43AD71A-B11B-4968-A1F3-B4E56A7CA57B}.Release|Any CPU.Build.0 = Release|Any CPU
	EndGlobalSection
	GlobalSection(SolutionProperties) = preSolution
		HideSolutionNode = FALSE
	EndGlobalSection
	GlobalSection(ExtensibilityGlobals) = postSolution
		SolutionGuid = {A8595A75-38B3-43F0-935D-57EFBD27F24D}
	EndGlobalSection
EndGlobal
