
Microsoft Visual Studio Solution File, Format Version 12.00
# Visual Studio Version 17
VisualStudioVersion = 17.5.33627.172
MinimumVisualStudioVersion = 10.0.40219.1
Project("{2150E333-8FDC-42A3-9474-1A3956D46DE8}") = "Itens de Solução", "Itens de Solução", "{8E367745-D405-4B81-82A6-31193AAF1A75}"
	ProjectSection(SolutionItems) = preProject
		readme.md = readme.md
	EndProjectSection
EndProject
Project("{9A19103F-16F7-4668-BE54-9A1E7A4F7556}") = "t09.01", "t09.01\t09.01.csproj", "{91BB77FA-99F8-45C7-A9ED-CAB4EAD10A80}"
EndProject
Project("{9A19103F-16F7-4668-BE54-9A1E7A4F7556}") = "t09.02", "t09.02\t09.02.csproj", "{A6971B3D-9781-4065-ACE0-3589EB645AD3}"
EndProject
Project("{9A19103F-16F7-4668-BE54-9A1E7A4F7556}") = "t09.03", "t09.03\t09.03.csproj", "{ED5A57E7-D32D-409C-A58A-CF6869F97DD5}"
EndProject
Project("{9A19103F-16F7-4668-BE54-9A1E7A4F7556}") = "t09.04", "t09.04\t09.04.csproj", "{0A1C23CB-27B0-4760-A01A-EFB40AE36BC1}"
EndProject
Project("{9A19103F-16F7-4668-BE54-9A1E7A4F7556}") = "t09.05", "t09.05\t09.05.csproj", "{991795F0-AF29-4087-B2A5-A54E5C046710}"
EndProject
Project("{9A19103F-16F7-4668-BE54-9A1E7A4F7556}") = "t09.06", "t09.06\t09.06.csproj", "{7DABB033-CFE7-4F41-BB59-E84C378D309C}"
EndProject
Project("{9A19103F-16F7-4668-BE54-9A1E7A4F7556}") = "t09.07", "t09.07\t09.07.csproj", "{4D4BB921-4B7A-4010-A27E-E0DEFC2B4DDF}"
EndProject
Project("{9A19103F-16F7-4668-BE54-9A1E7A4F7556}") = "t09.08", "t09.08\t09.08.csproj", "{65D6FBD6-56F5-40DC-AC75-0F8EE669D587}"
EndProject
Project("{9A19103F-16F7-4668-BE54-9A1E7A4F7556}") = "t09.09", "t09.09\t09.09.csproj", "{5AA61FDA-7834-4201-A3DF-D9DA096C14CC}"
EndProject
Project("{9A19103F-16F7-4668-BE54-9A1E7A4F7556}") = "t09.10", "t09.10\t09.10.csproj", "{1594FFC7-5563-4219-BDEC-799C44F300BD}"
EndProject
Global
	GlobalSection(SolutionConfigurationPlatforms) = preSolution
		Debug|Any CPU = Debug|Any CPU
		Release|Any CPU = Release|Any CPU
	EndGlobalSection
	GlobalSection(ProjectConfigurationPlatforms) = postSolution
		{91BB77FA-99F8-45C7-A9ED-CAB4EAD10A80}.Debug|Any CPU.ActiveCfg = Debug|Any CPU
		{91BB77FA-99F8-45C7-A9ED-CAB4EAD10A80}.Debug|Any CPU.Build.0 = Debug|Any CPU
		{91BB77FA-99F8-45C7-A9ED-CAB4EAD10A80}.Release|Any CPU.ActiveCfg = Release|Any CPU
		{91BB77FA-99F8-45C7-A9ED-CAB4EAD10A80}.Release|Any CPU.Build.0 = Release|Any CPU
		{A6971B3D-9781-4065-ACE0-3589EB645AD3}.Debug|Any CPU.ActiveCfg = Debug|Any CPU
		{A6971B3D-9781-4065-ACE0-3589EB645AD3}.Debug|Any CPU.Build.0 = Debug|Any CPU
		{A6971B3D-9781-4065-ACE0-3589EB645AD3}.Release|Any CPU.ActiveCfg = Release|Any CPU
		{A6971B3D-9781-4065-ACE0-3589EB645AD3}.Release|Any CPU.Build.0 = Release|Any CPU
		{ED5A57E7-D32D-409C-A58A-CF6869F97DD5}.Debug|Any CPU.ActiveCfg = Debug|Any CPU
		{ED5A57E7-D32D-409C-A58A-CF6869F97DD5}.Debug|Any CPU.Build.0 = Debug|Any CPU
		{ED5A57E7-D32D-409C-A58A-CF6869F97DD5}.Release|Any CPU.ActiveCfg = Release|Any CPU
		{ED5A57E7-D32D-409C-A58A-CF6869F97DD5}.Release|Any CPU.Build.0 = Release|Any CPU
		{0A1C23CB-27B0-4760-A01A-EFB40AE36BC1}.Debug|Any CPU.ActiveCfg = Debug|Any CPU
		{0A1C23CB-27B0-4760-A01A-EFB40AE36BC1}.Debug|Any CPU.Build.0 = Debug|Any CPU
		{0A1C23CB-27B0-4760-A01A-EFB40AE36BC1}.Release|Any CPU.ActiveCfg = Release|Any CPU
		{0A1C23CB-27B0-4760-A01A-EFB40AE36BC1}.Release|Any CPU.Build.0 = Release|Any CPU
		{991795F0-AF29-4087-B2A5-A54E5C046710}.Debug|Any CPU.ActiveCfg = Debug|Any CPU
		{991795F0-AF29-4087-B2A5-A54E5C046710}.Debug|Any CPU.Build.0 = Debug|Any CPU
		{991795F0-AF29-4087-B2A5-A54E5C046710}.Release|Any CPU.ActiveCfg = Release|Any CPU
		{991795F0-AF29-4087-B2A5-A54E5C046710}.Release|Any CPU.Build.0 = Release|Any CPU
		{7DABB033-CFE7-4F41-BB59-E84C378D309C}.Debug|Any CPU.ActiveCfg = Debug|Any CPU
		{7DABB033-CFE7-4F41-BB59-E84C378D309C}.Debug|Any CPU.Build.0 = Debug|Any CPU
		{7DABB033-CFE7-4F41-BB59-E84C378D309C}.Release|Any CPU.ActiveCfg = Release|Any CPU
		{7DABB033-CFE7-4F41-BB59-E84C378D309C}.Release|Any CPU.Build.0 = Release|Any CPU
		{4D4BB921-4B7A-4010-A27E-E0DEFC2B4DDF}.Debug|Any CPU.ActiveCfg = Debug|Any CPU
		{4D4BB921-4B7A-4010-A27E-E0DEFC2B4DDF}.Debug|Any CPU.Build.0 = Debug|Any CPU
		{4D4BB921-4B7A-4010-A27E-E0DEFC2B4DDF}.Release|Any CPU.ActiveCfg = Release|Any CPU
		{4D4BB921-4B7A-4010-A27E-E0DEFC2B4DDF}.Release|Any CPU.Build.0 = Release|Any CPU
		{65D6FBD6-56F5-40DC-AC75-0F8EE669D587}.Debug|Any CPU.ActiveCfg = Debug|Any CPU
		{65D6FBD6-56F5-40DC-AC75-0F8EE669D587}.Debug|Any CPU.Build.0 = Debug|Any CPU
		{65D6FBD6-56F5-40DC-AC75-0F8EE669D587}.Release|Any CPU.ActiveCfg = Release|Any CPU
		{65D6FBD6-56F5-40DC-AC75-0F8EE669D587}.Release|Any CPU.Build.0 = Release|Any CPU
		{5AA61FDA-7834-4201-A3DF-D9DA096C14CC}.Debug|Any CPU.ActiveCfg = Debug|Any CPU
		{5AA61FDA-7834-4201-A3DF-D9DA096C14CC}.Debug|Any CPU.Build.0 = Debug|Any CPU
		{5AA61FDA-7834-4201-A3DF-D9DA096C14CC}.Release|Any CPU.ActiveCfg = Release|Any CPU
		{5AA61FDA-7834-4201-A3DF-D9DA096C14CC}.Release|Any CPU.Build.0 = Release|Any CPU
		{1594FFC7-5563-4219-BDEC-799C44F300BD}.Debug|Any CPU.ActiveCfg = Debug|Any CPU
		{1594FFC7-5563-4219-BDEC-799C44F300BD}.Debug|Any CPU.Build.0 = Debug|Any CPU
		{1594FFC7-5563-4219-BDEC-799C44F300BD}.Release|Any CPU.ActiveCfg = Release|Any CPU
		{1594FFC7-5563-4219-BDEC-799C44F300BD}.Release|Any CPU.Build.0 = Release|Any CPU
	EndGlobalSection
	GlobalSection(SolutionProperties) = preSolution
		HideSolutionNode = FALSE
	EndGlobalSection
	GlobalSection(NestedProjects) = preSolution
		{91BB77FA-99F8-45C7-A9ED-CAB4EAD10A80} = {8E367745-D405-4B81-82A6-31193AAF1A75}
		{A6971B3D-9781-4065-ACE0-3589EB645AD3} = {8E367745-D405-4B81-82A6-31193AAF1A75}
		{ED5A57E7-D32D-409C-A58A-CF6869F97DD5} = {8E367745-D405-4B81-82A6-31193AAF1A75}
		{0A1C23CB-27B0-4760-A01A-EFB40AE36BC1} = {8E367745-D405-4B81-82A6-31193AAF1A75}
		{991795F0-AF29-4087-B2A5-A54E5C046710} = {8E367745-D405-4B81-82A6-31193AAF1A75}
		{7DABB033-CFE7-4F41-BB59-E84C378D309C} = {8E367745-D405-4B81-82A6-31193AAF1A75}
		{4D4BB921-4B7A-4010-A27E-E0DEFC2B4DDF} = {8E367745-D405-4B81-82A6-31193AAF1A75}
		{65D6FBD6-56F5-40DC-AC75-0F8EE669D587} = {8E367745-D405-4B81-82A6-31193AAF1A75}
		{5AA61FDA-7834-4201-A3DF-D9DA096C14CC} = {8E367745-D405-4B81-82A6-31193AAF1A75}
		{1594FFC7-5563-4219-BDEC-799C44F300BD} = {8E367745-D405-4B81-82A6-31193AAF1A75}
	EndGlobalSection
	GlobalSection(ExtensibilityGlobals) = postSolution
		SolutionGuid = {08B1A0F5-724D-43DA-9F18-360159889E55}
	EndGlobalSection
EndGlobal
