
Microsoft Visual Studio Solution File, Format Version 12.00
# Visual Studio Version 17
VisualStudioVersion = 17.5.33627.172
MinimumVisualStudioVersion = 10.0.40219.1
Project("{9A19103F-16F7-4668-BE54-9A1E7A4F7556}") = "T11.01", "T11.01\T11.01.csproj", "{332EB90B-14CF-4D39-AFE4-9DC1088B8186}"
EndProject
Project("{9A19103F-16F7-4668-BE54-9A1E7A4F7556}") = "T11.02", "T11.02\T11.02.csproj", "{8A85A538-E178-4EFC-81F7-0DC78E1DB6D7}"
EndProject
Project("{FAE04EC0-301F-11D3-BF4B-00C04F79EFBC}") = "T11.03", "T11.03\T11.03.csproj", "{5C98DBB9-CC80-49B8-BCD4-87EAEFA6DE27}"
EndProject
Global
	GlobalSection(SolutionConfigurationPlatforms) = preSolution
		Debug|Any CPU = Debug|Any CPU
		Release|Any CPU = Release|Any CPU
	EndGlobalSection
	GlobalSection(ProjectConfigurationPlatforms) = postSolution
		{332EB90B-14CF-4D39-AFE4-9DC1088B8186}.Debug|Any CPU.ActiveCfg = Debug|Any CPU
		{332EB90B-14CF-4D39-AFE4-9DC1088B8186}.Debug|Any CPU.Build.0 = Debug|Any CPU
		{332EB90B-14CF-4D39-AFE4-9DC1088B8186}.Release|Any CPU.ActiveCfg = Release|Any CPU
		{332EB90B-14CF-4D39-AFE4-9DC1088B8186}.Release|Any CPU.Build.0 = Release|Any CPU
		{8A85A538-E178-4EFC-81F7-0DC78E1DB6D7}.Debug|Any CPU.ActiveCfg = Debug|Any CPU
		{8A85A538-E178-4EFC-81F7-0DC78E1DB6D7}.Debug|Any CPU.Build.0 = Debug|Any CPU
		{8A85A538-E178-4EFC-81F7-0DC78E1DB6D7}.Release|Any CPU.ActiveCfg = Release|Any CPU
		{8A85A538-E178-4EFC-81F7-0DC78E1DB6D7}.Release|Any CPU.Build.0 = Release|Any CPU
		{5C98DBB9-CC80-49B8-BCD4-87EAEFA6DE27}.Debug|Any CPU.ActiveCfg = Debug|Any CPU
		{5C98DBB9-CC80-49B8-BCD4-87EAEFA6DE27}.Debug|Any CPU.Build.0 = Debug|Any CPU
		{5C98DBB9-CC80-49B8-BCD4-87EAEFA6DE27}.Release|Any CPU.ActiveCfg = Release|Any CPU
		{5C98DBB9-CC80-49B8-BCD4-87EAEFA6DE27}.Release|Any CPU.Build.0 = Release|Any CPU
	EndGlobalSection
	GlobalSection(SolutionProperties) = preSolution
		HideSolutionNode = FALSE
	EndGlobalSection
	GlobalSection(ExtensibilityGlobals) = postSolution
		SolutionGuid = {8327E74F-2DFD-4D26-9720-C8CF8B4BC880}
	EndGlobalSection
EndGlobal
