
Microsoft Visual Studio Solution File, Format Version 12.00
# Visual Studio Version 17
VisualStudioVersion = 17.5.33627.172
MinimumVisualStudioVersion = 10.0.40219.1
Project("{9A19103F-16F7-4668-BE54-9A1E7A4F7556}") = "T11.01", "T11.01\T11.01.csproj", "{332EB90B-14CF-4D39-AFE4-9DC1088B8186}"
EndProject
Project("{9A19103F-16F7-4668-BE54-9A1E7A4F7556}") = "T11.02", "T11.02\T11.02.csproj", "{8A85A538-E178-4EFC-81F7-0DC78E1DB6D7}"
EndProject
Project("{FAE04EC0-301F-11D3-BF4B-00C04F79EFBC}") = "T11.03", "T11.03\T11.03.csproj", "{5C98DBB9-CC80-49B8-BCD4-87EAEFA6DE27}"
EndProject
Project("{FAE04EC0-301F-11D3-BF4B-00C04F79EFBC}") = "T11.04", "T11.04\T11.04.csproj", "{CE1E1FB5-D894-48D6-96E7-46461D6858D9}"
EndProject
Project("{FAE04EC0-301F-11D3-BF4B-00C04F79EFBC}") = "T11.05", "T11.05\T11.05.csproj", "{FBD83526-D3FE-4751-89AE-55AEED27FA6D}"
EndProject
Project("{FAE04EC0-301F-11D3-BF4B-00C04F79EFBC}") = "T11.06", "T11.06\T11.06.csproj", "{2BB2C679-B9CB-4FCE-986B-C2B898F6C9B3}"
EndProject
Project("{FAE04EC0-301F-11D3-BF4B-00C04F79EFBC}") = "T11.07", "T11.07\T11.07.csproj", "{B6CFF28B-1A9F-44C1-91BA-2F9DDF466C4F}"
EndProject
Project("{FAE04EC0-301F-11D3-BF4B-00C04F79EFBC}") = "T11.08", "T11.08\T11.08.csproj", "{DD3CE10B-76BD-40AA-9F9B-990767522779}"
EndProject
Project("{FAE04EC0-301F-11D3-BF4B-00C04F79EFBC}") = "T11.09", "T11.09\T11.09.csproj", "{1F2D947B-6A7E-4208-9406-500CB0E3982D}"
EndProject
Project("{FAE04EC0-301F-11D3-BF4B-00C04F79EFBC}") = "T11.10", "T11.10\T11.10.csproj", "{B95AD284-3BCC-4F6E-B40D-0FBC790276E8}"
EndProject
Global
	GlobalSection(SolutionConfigurationPlatforms) = preSolution
		Debug|Any CPU = Debug|Any CPU
		Release|Any CPU = Release|Any CPU
	EndGlobalSection
	GlobalSection(ProjectConfigurationPlatforms) = postSolution
		{332EB90B-14CF-4D39-AFE4-9DC1088B8186}.Debug|Any CPU.ActiveCfg = Debug|Any CPU
		{332EB90B-14CF-4D39-AFE4-9DC1088B8186}.Debug|Any CPU.Build.0 = Debug|Any CPU
		{332EB90B-14CF-4D39-AFE4-9DC1088B8186}.Release|Any CPU.ActiveCfg = Release|Any CPU
		{332EB90B-14CF-4D39-AFE4-9DC1088B8186}.Release|Any CPU.Build.0 = Release|Any CPU
		{8A85A538-E178-4EFC-81F7-0DC78E1DB6D7}.Debug|Any CPU.ActiveCfg = Debug|Any CPU
		{8A85A538-E178-4EFC-81F7-0DC78E1DB6D7}.Debug|Any CPU.Build.0 = Debug|Any CPU
		{8A85A538-E178-4EFC-81F7-0DC78E1DB6D7}.Release|Any CPU.ActiveCfg = Release|Any CPU
		{8A85A538-E178-4EFC-81F7-0DC78E1DB6D7}.Release|Any CPU.Build.0 = Release|Any CPU
		{5C98DBB9-CC80-49B8-BCD4-87EAEFA6DE27}.Debug|Any CPU.ActiveCfg = Debug|Any CPU
		{5C98DBB9-CC80-49B8-BCD4-87EAEFA6DE27}.Debug|Any CPU.Build.0 = Debug|Any CPU
		{5C98DBB9-CC80-49B8-BCD4-87EAEFA6DE27}.Release|Any CPU.ActiveCfg = Release|Any CPU
		{5C98DBB9-CC80-49B8-BCD4-87EAEFA6DE27}.Release|Any CPU.Build.0 = Release|Any CPU
		{CE1E1FB5-D894-48D6-96E7-46461D6858D9}.Debug|Any CPU.ActiveCfg = Debug|Any CPU
		{CE1E1FB5-D894-48D6-96E7-46461D6858D9}.Debug|Any CPU.Build.0 = Debug|Any CPU
		{CE1E1FB5-D894-48D6-96E7-46461D6858D9}.Release|Any CPU.ActiveCfg = Release|Any CPU
		{CE1E1FB5-D894-48D6-96E7-46461D6858D9}.Release|Any CPU.Build.0 = Release|Any CPU
		{FBD83526-D3FE-4751-89AE-55AEED27FA6D}.Debug|Any CPU.ActiveCfg = Debug|Any CPU
		{FBD83526-D3FE-4751-89AE-55AEED27FA6D}.Debug|Any CPU.Build.0 = Debug|Any CPU
		{FBD83526-D3FE-4751-89AE-55AEED27FA6D}.Release|Any CPU.ActiveCfg = Release|Any CPU
		{FBD83526-D3FE-4751-89AE-55AEED27FA6D}.Release|Any CPU.Build.0 = Release|Any CPU
		{2BB2C679-B9CB-4FCE-986B-C2B898F6C9B3}.Debug|Any CPU.ActiveCfg = Debug|Any CPU
		{2BB2C679-B9CB-4FCE-986B-C2B898F6C9B3}.Debug|Any CPU.Build.0 = Debug|Any CPU
		{2BB2C679-B9CB-4FCE-986B-C2B898F6C9B3}.Release|Any CPU.ActiveCfg = Release|Any CPU
		{2BB2C679-B9CB-4FCE-986B-C2B898F6C9B3}.Release|Any CPU.Build.0 = Release|Any CPU
		{B6CFF28B-1A9F-44C1-91BA-2F9DDF466C4F}.Debug|Any CPU.ActiveCfg = Debug|Any CPU
		{B6CFF28B-1A9F-44C1-91BA-2F9DDF466C4F}.Debug|Any CPU.Build.0 = Debug|Any CPU
		{B6CFF28B-1A9F-44C1-91BA-2F9DDF466C4F}.Release|Any CPU.ActiveCfg = Release|Any CPU
		{B6CFF28B-1A9F-44C1-91BA-2F9DDF466C4F}.Release|Any CPU.Build.0 = Release|Any CPU
		{DD3CE10B-76BD-40AA-9F9B-990767522779}.Debug|Any CPU.ActiveCfg = Debug|Any CPU
		{DD3CE10B-76BD-40AA-9F9B-990767522779}.Debug|Any CPU.Build.0 = Debug|Any CPU
		{DD3CE10B-76BD-40AA-9F9B-990767522779}.Release|Any CPU.ActiveCfg = Release|Any CPU
		{DD3CE10B-76BD-40AA-9F9B-990767522779}.Release|Any CPU.Build.0 = Release|Any CPU
		{1F2D947B-6A7E-4208-9406-500CB0E3982D}.Debug|Any CPU.ActiveCfg = Debug|Any CPU
		{1F2D947B-6A7E-4208-9406-500CB0E3982D}.Debug|Any CPU.Build.0 = Debug|Any CPU
		{1F2D947B-6A7E-4208-9406-500CB0E3982D}.Release|Any CPU.ActiveCfg = Release|Any CPU
		{1F2D947B-6A7E-4208-9406-500CB0E3982D}.Release|Any CPU.Build.0 = Release|Any CPU
		{B95AD284-3BCC-4F6E-B40D-0FBC790276E8}.Debug|Any CPU.ActiveCfg = Debug|Any CPU
		{B95AD284-3BCC-4F6E-B40D-0FBC790276E8}.Debug|Any CPU.Build.0 = Debug|Any CPU
		{B95AD284-3BCC-4F6E-B40D-0FBC790276E8}.Release|Any CPU.ActiveCfg = Release|Any CPU
		{B95AD284-3BCC-4F6E-B40D-0FBC790276E8}.Release|Any CPU.Build.0 = Release|Any CPU
	EndGlobalSection
	GlobalSection(SolutionProperties) = preSolution
		HideSolutionNode = FALSE
	EndGlobalSection
	GlobalSection(ExtensibilityGlobals) = postSolution
		SolutionGuid = {8327E74F-2DFD-4D26-9720-C8CF8B4BC880}
	EndGlobalSection
EndGlobal
