
Microsoft Visual Studio Solution File, Format Version 12.00
# Visual Studio Version 17
VisualStudioVersion = 17.5.33627.172
MinimumVisualStudioVersion = 10.0.40219.1
Project("{2150E333-8FDC-42A3-9474-1A3956D46DE8}") = "Itens de Solução", "Itens de Solução", "{942991DB-88DE-47FC-B44D-5DD57855C259}"
	ProjectSection(SolutionItems) = preProject
		readme.md = readme.md
	EndProjectSection
EndProject
Project("{9A19103F-16F7-4668-BE54-9A1E7A4F7556}") = "t07.01", "T07.01\t07.01.csproj", "{9A0E00CC-C018-4029-BD1C-67B297CA898F}"
EndProject
Project("{9A19103F-16F7-4668-BE54-9A1E7A4F7556}") = "t07.02", "T07.02\t07.02.csproj", "{FD4737D7-F58F-4D9D-AE52-62B14731FD7F}"
EndProject
Project("{9A19103F-16F7-4668-BE54-9A1E7A4F7556}") = "t07.03", "T07.03\t07.03.csproj", "{8DBC88EB-EA5C-4E95-AC8D-7C419AC4F4B5}"
EndProject
Project("{9A19103F-16F7-4668-BE54-9A1E7A4F7556}") = "t07.04", "T07.04\t07.04.csproj", "{FDE35B51-8479-4200-ACD3-DDDCC4CBE4E7}"
EndProject
Project("{9A19103F-16F7-4668-BE54-9A1E7A4F7556}") = "t07.05", "T07.05\t07.05.csproj", "{986DE2EE-5322-4AB9-B742-1DC35D8DF627}"
EndProject
Project("{9A19103F-16F7-4668-BE54-9A1E7A4F7556}") = "t07.06", "T07.06\t07.06.csproj", "{71ED1D1A-82F3-4D53-ACAD-AD976D1C0795}"
EndProject
Project("{9A19103F-16F7-4668-BE54-9A1E7A4F7556}") = "t07.07", "T07.07\t07.07.csproj", "{B338002D-587D-45F8-A4FF-9FCD209D0EF5}"
EndProject
Project("{9A19103F-16F7-4668-BE54-9A1E7A4F7556}") = "t07.08", "T07.08\t07.08.csproj", "{4A116E5A-772B-4E90-AC73-4BDE0457EA2B}"
EndProject
Project("{9A19103F-16F7-4668-BE54-9A1E7A4F7556}") = "t07.09", "T07.09\t07.09.csproj", "{F91169F8-7D99-4929-85C9-7DFC4B701485}"
EndProject
Project("{9A19103F-16F7-4668-BE54-9A1E7A4F7556}") = "t07.10", "T07.10\t07.10.csproj", "{692D9A63-41FE-48A8-8061-8A48AD7EF57B}"
EndProject
Project("{9A19103F-16F7-4668-BE54-9A1E7A4F7556}") = "t07.11", "T07.11\t07.11.csproj", "{DFA4399E-A681-469B-B9E6-B2B82B042C8F}"
EndProject
Project("{9A19103F-16F7-4668-BE54-9A1E7A4F7556}") = "t07.12", "T07.12\t07.12.csproj", "{B49C189A-1BD5-4E27-A261-3C8B5FEE9EED}"
EndProject
Project("{9A19103F-16F7-4668-BE54-9A1E7A4F7556}") = "t07.13", "T07.13\t07.13.csproj", "{EE564CAC-36A7-4545-B90A-F467E5EBEFBB}"
EndProject
Project("{9A19103F-16F7-4668-BE54-9A1E7A4F7556}") = "t07.14", "T07.14\t07.14.csproj", "{538A8EE1-0B1A-47E6-89E2-7306A66CFEA6}"
EndProject
Project("{9A19103F-16F7-4668-BE54-9A1E7A4F7556}") = "t07.15", "T07.15\t07.15.csproj", "{429F92B7-7677-4F12-9DA7-1701C7D8BB27}"
EndProject
Project("{9A19103F-16F7-4668-BE54-9A1E7A4F7556}") = "t07.16", "T07.16\t07.16.csproj", "{52B10BCE-8AAE-4FF5-A89C-26295B825E30}"
EndProject
Project("{9A19103F-16F7-4668-BE54-9A1E7A4F7556}") = "t07.17", "T07.17\t07.17.csproj", "{4FEDD489-A016-4DB5-8B11-FD0A9D5F3B8C}"
EndProject
Project("{9A19103F-16F7-4668-BE54-9A1E7A4F7556}") = "t07.18", "T07.18\t07.18.csproj", "{ED7F1562-FC99-4939-81D9-2CFDF93C3758}"
EndProject
Project("{9A19103F-16F7-4668-BE54-9A1E7A4F7556}") = "t07.19", "T07.19\t07.19.csproj", "{17026DCE-C1BA-4EE8-A12E-D7C9C21FED14}"
EndProject
Project("{9A19103F-16F7-4668-BE54-9A1E7A4F7556}") = "t07.20", "T07.20\t07.20.csproj", "{47325609-E671-49B2-8227-FA4A92DCA078}"
EndProject
Project("{9A19103F-16F7-4668-BE54-9A1E7A4F7556}") = "t07.21", "T07.21\t07.21.csproj", "{0F53D78E-7067-430C-B080-D092A91E464E}"
EndProject
Project("{9A19103F-16F7-4668-BE54-9A1E7A4F7556}") = "t07.22", "T07.22\t07.22.csproj", "{35BED924-5255-41AF-83F0-203D5541DE9F}"
EndProject
Project("{9A19103F-16F7-4668-BE54-9A1E7A4F7556}") = "t07.23", "T07.23\t07.23.csproj", "{16D3C195-D885-4C13-A405-7A9DFC74C697}"
EndProject
Project("{9A19103F-16F7-4668-BE54-9A1E7A4F7556}") = "t07.24", "T07.24\t07.24.csproj", "{8EC2EDC1-D63E-419C-9764-2A562D3610C2}"
EndProject
Project("{9A19103F-16F7-4668-BE54-9A1E7A4F7556}") = "t07.25", "T07.25\t07.25.csproj", "{693EDF86-892F-4C90-9152-80C444331382}"
EndProject
Project("{9A19103F-16F7-4668-BE54-9A1E7A4F7556}") = "t07.26", "T07.26\t07.26.csproj", "{F70B0C13-94FA-4107-BAB3-A80367AA3D2F}"
EndProject
Project("{9A19103F-16F7-4668-BE54-9A1E7A4F7556}") = "t07.27", "T07.27\t07.27.csproj", "{86985900-F527-4B6D-A81E-274C62968027}"
EndProject
Project("{9A19103F-16F7-4668-BE54-9A1E7A4F7556}") = "t07.28", "T07.28\t07.28.csproj", "{379B249B-CAC9-4CF0-A86B-37EEA7A8B914}"
EndProject
Project("{9A19103F-16F7-4668-BE54-9A1E7A4F7556}") = "t07.29", "T07.29\t07.29.csproj", "{E43106A3-E25C-4E52-85CD-D40F13010B7C}"
EndProject
Project("{9A19103F-16F7-4668-BE54-9A1E7A4F7556}") = "t07.31", "T07.31\t07.31.csproj", "{CE35B6C4-CFAD-4333-98BC-AA01C7E85FAE}"
EndProject
Global
	GlobalSection(SolutionConfigurationPlatforms) = preSolution
		Debug|Any CPU = Debug|Any CPU
		Release|Any CPU = Release|Any CPU
	EndGlobalSection
	GlobalSection(ProjectConfigurationPlatforms) = postSolution
		{9A0E00CC-C018-4029-BD1C-67B297CA898F}.Debug|Any CPU.ActiveCfg = Debug|Any CPU
		{9A0E00CC-C018-4029-BD1C-67B297CA898F}.Debug|Any CPU.Build.0 = Debug|Any CPU
		{9A0E00CC-C018-4029-BD1C-67B297CA898F}.Release|Any CPU.ActiveCfg = Release|Any CPU
		{9A0E00CC-C018-4029-BD1C-67B297CA898F}.Release|Any CPU.Build.0 = Release|Any CPU
		{FD4737D7-F58F-4D9D-AE52-62B14731FD7F}.Debug|Any CPU.ActiveCfg = Debug|Any CPU
		{FD4737D7-F58F-4D9D-AE52-62B14731FD7F}.Debug|Any CPU.Build.0 = Debug|Any CPU
		{FD4737D7-F58F-4D9D-AE52-62B14731FD7F}.Release|Any CPU.ActiveCfg = Release|Any CPU
		{FD4737D7-F58F-4D9D-AE52-62B14731FD7F}.Release|Any CPU.Build.0 = Release|Any CPU
		{8DBC88EB-EA5C-4E95-AC8D-7C419AC4F4B5}.Debug|Any CPU.ActiveCfg = Debug|Any CPU
		{8DBC88EB-EA5C-4E95-AC8D-7C419AC4F4B5}.Debug|Any CPU.Build.0 = Debug|Any CPU
		{8DBC88EB-EA5C-4E95-AC8D-7C419AC4F4B5}.Release|Any CPU.ActiveCfg = Release|Any CPU
		{8DBC88EB-EA5C-4E95-AC8D-7C419AC4F4B5}.Release|Any CPU.Build.0 = Release|Any CPU
		{FDE35B51-8479-4200-ACD3-DDDCC4CBE4E7}.Debug|Any CPU.ActiveCfg = Debug|Any CPU
		{FDE35B51-8479-4200-ACD3-DDDCC4CBE4E7}.Debug|Any CPU.Build.0 = Debug|Any CPU
		{FDE35B51-8479-4200-ACD3-DDDCC4CBE4E7}.Release|Any CPU.ActiveCfg = Release|Any CPU
		{FDE35B51-8479-4200-ACD3-DDDCC4CBE4E7}.Release|Any CPU.Build.0 = Release|Any CPU
		{986DE2EE-5322-4AB9-B742-1DC35D8DF627}.Debug|Any CPU.ActiveCfg = Debug|Any CPU
		{986DE2EE-5322-4AB9-B742-1DC35D8DF627}.Debug|Any CPU.Build.0 = Debug|Any CPU
		{986DE2EE-5322-4AB9-B742-1DC35D8DF627}.Release|Any CPU.ActiveCfg = Release|Any CPU
		{986DE2EE-5322-4AB9-B742-1DC35D8DF627}.Release|Any CPU.Build.0 = Release|Any CPU
		{71ED1D1A-82F3-4D53-ACAD-AD976D1C0795}.Debug|Any CPU.ActiveCfg = Debug|Any CPU
		{71ED1D1A-82F3-4D53-ACAD-AD976D1C0795}.Debug|Any CPU.Build.0 = Debug|Any CPU
		{71ED1D1A-82F3-4D53-ACAD-AD976D1C0795}.Release|Any CPU.ActiveCfg = Release|Any CPU
		{71ED1D1A-82F3-4D53-ACAD-AD976D1C0795}.Release|Any CPU.Build.0 = Release|Any CPU
		{B338002D-587D-45F8-A4FF-9FCD209D0EF5}.Debug|Any CPU.ActiveCfg = Debug|Any CPU
		{B338002D-587D-45F8-A4FF-9FCD209D0EF5}.Debug|Any CPU.Build.0 = Debug|Any CPU
		{B338002D-587D-45F8-A4FF-9FCD209D0EF5}.Release|Any CPU.ActiveCfg = Release|Any CPU
		{B338002D-587D-45F8-A4FF-9FCD209D0EF5}.Release|Any CPU.Build.0 = Release|Any CPU
		{4A116E5A-772B-4E90-AC73-4BDE0457EA2B}.Debug|Any CPU.ActiveCfg = Debug|Any CPU
		{4A116E5A-772B-4E90-AC73-4BDE0457EA2B}.Debug|Any CPU.Build.0 = Debug|Any CPU
		{4A116E5A-772B-4E90-AC73-4BDE0457EA2B}.Release|Any CPU.ActiveCfg = Release|Any CPU
		{4A116E5A-772B-4E90-AC73-4BDE0457EA2B}.Release|Any CPU.Build.0 = Release|Any CPU
		{F91169F8-7D99-4929-85C9-7DFC4B701485}.Debug|Any CPU.ActiveCfg = Debug|Any CPU
		{F91169F8-7D99-4929-85C9-7DFC4B701485}.Debug|Any CPU.Build.0 = Debug|Any CPU
		{F91169F8-7D99-4929-85C9-7DFC4B701485}.Release|Any CPU.ActiveCfg = Release|Any CPU
		{F91169F8-7D99-4929-85C9-7DFC4B701485}.Release|Any CPU.Build.0 = Release|Any CPU
		{692D9A63-41FE-48A8-8061-8A48AD7EF57B}.Debug|Any CPU.ActiveCfg = Debug|Any CPU
		{692D9A63-41FE-48A8-8061-8A48AD7EF57B}.Debug|Any CPU.Build.0 = Debug|Any CPU
		{692D9A63-41FE-48A8-8061-8A48AD7EF57B}.Release|Any CPU.ActiveCfg = Release|Any CPU
		{692D9A63-41FE-48A8-8061-8A48AD7EF57B}.Release|Any CPU.Build.0 = Release|Any CPU
		{DFA4399E-A681-469B-B9E6-B2B82B042C8F}.Debug|Any CPU.ActiveCfg = Debug|Any CPU
		{DFA4399E-A681-469B-B9E6-B2B82B042C8F}.Debug|Any CPU.Build.0 = Debug|Any CPU
		{DFA4399E-A681-469B-B9E6-B2B82B042C8F}.Release|Any CPU.ActiveCfg = Release|Any CPU
		{DFA4399E-A681-469B-B9E6-B2B82B042C8F}.Release|Any CPU.Build.0 = Release|Any CPU
		{B49C189A-1BD5-4E27-A261-3C8B5FEE9EED}.Debug|Any CPU.ActiveCfg = Debug|Any CPU
		{B49C189A-1BD5-4E27-A261-3C8B5FEE9EED}.Debug|Any CPU.Build.0 = Debug|Any CPU
		{B49C189A-1BD5-4E27-A261-3C8B5FEE9EED}.Release|Any CPU.ActiveCfg = Release|Any CPU
		{B49C189A-1BD5-4E27-A261-3C8B5FEE9EED}.Release|Any CPU.Build.0 = Release|Any CPU
		{EE564CAC-36A7-4545-B90A-F467E5EBEFBB}.Debug|Any CPU.ActiveCfg = Debug|Any CPU
		{EE564CAC-36A7-4545-B90A-F467E5EBEFBB}.Debug|Any CPU.Build.0 = Debug|Any CPU
		{EE564CAC-36A7-4545-B90A-F467E5EBEFBB}.Release|Any CPU.ActiveCfg = Release|Any CPU
		{EE564CAC-36A7-4545-B90A-F467E5EBEFBB}.Release|Any CPU.Build.0 = Release|Any CPU
		{538A8EE1-0B1A-47E6-89E2-7306A66CFEA6}.Debug|Any CPU.ActiveCfg = Debug|Any CPU
		{538A8EE1-0B1A-47E6-89E2-7306A66CFEA6}.Debug|Any CPU.Build.0 = Debug|Any CPU
		{538A8EE1-0B1A-47E6-89E2-7306A66CFEA6}.Release|Any CPU.ActiveCfg = Release|Any CPU
		{538A8EE1-0B1A-47E6-89E2-7306A66CFEA6}.Release|Any CPU.Build.0 = Release|Any CPU
		{429F92B7-7677-4F12-9DA7-1701C7D8BB27}.Debug|Any CPU.ActiveCfg = Debug|Any CPU
		{429F92B7-7677-4F12-9DA7-1701C7D8BB27}.Debug|Any CPU.Build.0 = Debug|Any CPU
		{429F92B7-7677-4F12-9DA7-1701C7D8BB27}.Release|Any CPU.ActiveCfg = Release|Any CPU
		{429F92B7-7677-4F12-9DA7-1701C7D8BB27}.Release|Any CPU.Build.0 = Release|Any CPU
		{52B10BCE-8AAE-4FF5-A89C-26295B825E30}.Debug|Any CPU.ActiveCfg = Debug|Any CPU
		{52B10BCE-8AAE-4FF5-A89C-26295B825E30}.Debug|Any CPU.Build.0 = Debug|Any CPU
		{52B10BCE-8AAE-4FF5-A89C-26295B825E30}.Release|Any CPU.ActiveCfg = Release|Any CPU
		{52B10BCE-8AAE-4FF5-A89C-26295B825E30}.Release|Any CPU.Build.0 = Release|Any CPU
		{4FEDD489-A016-4DB5-8B11-FD0A9D5F3B8C}.Debug|Any CPU.ActiveCfg = Debug|Any CPU
		{4FEDD489-A016-4DB5-8B11-FD0A9D5F3B8C}.Debug|Any CPU.Build.0 = Debug|Any CPU
		{4FEDD489-A016-4DB5-8B11-FD0A9D5F3B8C}.Release|Any CPU.ActiveCfg = Release|Any CPU
		{4FEDD489-A016-4DB5-8B11-FD0A9D5F3B8C}.Release|Any CPU.Build.0 = Release|Any CPU
		{ED7F1562-FC99-4939-81D9-2CFDF93C3758}.Debug|Any CPU.ActiveCfg = Debug|Any CPU
		{ED7F1562-FC99-4939-81D9-2CFDF93C3758}.Debug|Any CPU.Build.0 = Debug|Any CPU
		{ED7F1562-FC99-4939-81D9-2CFDF93C3758}.Release|Any CPU.ActiveCfg = Release|Any CPU
		{ED7F1562-FC99-4939-81D9-2CFDF93C3758}.Release|Any CPU.Build.0 = Release|Any CPU
		{17026DCE-C1BA-4EE8-A12E-D7C9C21FED14}.Debug|Any CPU.ActiveCfg = Debug|Any CPU
		{17026DCE-C1BA-4EE8-A12E-D7C9C21FED14}.Debug|Any CPU.Build.0 = Debug|Any CPU
		{17026DCE-C1BA-4EE8-A12E-D7C9C21FED14}.Release|Any CPU.ActiveCfg = Release|Any CPU
		{17026DCE-C1BA-4EE8-A12E-D7C9C21FED14}.Release|Any CPU.Build.0 = Release|Any CPU
		{47325609-E671-49B2-8227-FA4A92DCA078}.Debug|Any CPU.ActiveCfg = Debug|Any CPU
		{47325609-E671-49B2-8227-FA4A92DCA078}.Debug|Any CPU.Build.0 = Debug|Any CPU
		{47325609-E671-49B2-8227-FA4A92DCA078}.Release|Any CPU.ActiveCfg = Release|Any CPU
		{47325609-E671-49B2-8227-FA4A92DCA078}.Release|Any CPU.Build.0 = Release|Any CPU
		{0F53D78E-7067-430C-B080-D092A91E464E}.Debug|Any CPU.ActiveCfg = Debug|Any CPU
		{0F53D78E-7067-430C-B080-D092A91E464E}.Debug|Any CPU.Build.0 = Debug|Any CPU
		{0F53D78E-7067-430C-B080-D092A91E464E}.Release|Any CPU.ActiveCfg = Release|Any CPU
		{0F53D78E-7067-430C-B080-D092A91E464E}.Release|Any CPU.Build.0 = Release|Any CPU
		{35BED924-5255-41AF-83F0-203D5541DE9F}.Debug|Any CPU.ActiveCfg = Debug|Any CPU
		{35BED924-5255-41AF-83F0-203D5541DE9F}.Debug|Any CPU.Build.0 = Debug|Any CPU
		{35BED924-5255-41AF-83F0-203D5541DE9F}.Release|Any CPU.ActiveCfg = Release|Any CPU
		{35BED924-5255-41AF-83F0-203D5541DE9F}.Release|Any CPU.Build.0 = Release|Any CPU
		{16D3C195-D885-4C13-A405-7A9DFC74C697}.Debug|Any CPU.ActiveCfg = Debug|Any CPU
		{16D3C195-D885-4C13-A405-7A9DFC74C697}.Debug|Any CPU.Build.0 = Debug|Any CPU
		{16D3C195-D885-4C13-A405-7A9DFC74C697}.Release|Any CPU.ActiveCfg = Release|Any CPU
		{16D3C195-D885-4C13-A405-7A9DFC74C697}.Release|Any CPU.Build.0 = Release|Any CPU
		{8EC2EDC1-D63E-419C-9764-2A562D3610C2}.Debug|Any CPU.ActiveCfg = Debug|Any CPU
		{8EC2EDC1-D63E-419C-9764-2A562D3610C2}.Debug|Any CPU.Build.0 = Debug|Any CPU
		{8EC2EDC1-D63E-419C-9764-2A562D3610C2}.Release|Any CPU.ActiveCfg = Release|Any CPU
		{8EC2EDC1-D63E-419C-9764-2A562D3610C2}.Release|Any CPU.Build.0 = Release|Any CPU
		{693EDF86-892F-4C90-9152-80C444331382}.Debug|Any CPU.ActiveCfg = Debug|Any CPU
		{693EDF86-892F-4C90-9152-80C444331382}.Debug|Any CPU.Build.0 = Debug|Any CPU
		{693EDF86-892F-4C90-9152-80C444331382}.Release|Any CPU.ActiveCfg = Release|Any CPU
		{693EDF86-892F-4C90-9152-80C444331382}.Release|Any CPU.Build.0 = Release|Any CPU
		{F70B0C13-94FA-4107-BAB3-A80367AA3D2F}.Debug|Any CPU.ActiveCfg = Debug|Any CPU
		{F70B0C13-94FA-4107-BAB3-A80367AA3D2F}.Debug|Any CPU.Build.0 = Debug|Any CPU
		{F70B0C13-94FA-4107-BAB3-A80367AA3D2F}.Release|Any CPU.ActiveCfg = Release|Any CPU
		{F70B0C13-94FA-4107-BAB3-A80367AA3D2F}.Release|Any CPU.Build.0 = Release|Any CPU
		{86985900-F527-4B6D-A81E-274C62968027}.Debug|Any CPU.ActiveCfg = Debug|Any CPU
		{86985900-F527-4B6D-A81E-274C62968027}.Debug|Any CPU.Build.0 = Debug|Any CPU
		{86985900-F527-4B6D-A81E-274C62968027}.Release|Any CPU.ActiveCfg = Release|Any CPU
		{86985900-F527-4B6D-A81E-274C62968027}.Release|Any CPU.Build.0 = Release|Any CPU
		{379B249B-CAC9-4CF0-A86B-37EEA7A8B914}.Debug|Any CPU.ActiveCfg = Debug|Any CPU
		{379B249B-CAC9-4CF0-A86B-37EEA7A8B914}.Debug|Any CPU.Build.0 = Debug|Any CPU
		{379B249B-CAC9-4CF0-A86B-37EEA7A8B914}.Release|Any CPU.ActiveCfg = Release|Any CPU
		{379B249B-CAC9-4CF0-A86B-37EEA7A8B914}.Release|Any CPU.Build.0 = Release|Any CPU
		{E43106A3-E25C-4E52-85CD-D40F13010B7C}.Debug|Any CPU.ActiveCfg = Debug|Any CPU
		{E43106A3-E25C-4E52-85CD-D40F13010B7C}.Debug|Any CPU.Build.0 = Debug|Any CPU
		{E43106A3-E25C-4E52-85CD-D40F13010B7C}.Release|Any CPU.ActiveCfg = Release|Any CPU
		{E43106A3-E25C-4E52-85CD-D40F13010B7C}.Release|Any CPU.Build.0 = Release|Any CPU
		{CE35B6C4-CFAD-4333-98BC-AA01C7E85FAE}.Debug|Any CPU.ActiveCfg = Debug|Any CPU
		{CE35B6C4-CFAD-4333-98BC-AA01C7E85FAE}.Debug|Any CPU.Build.0 = Debug|Any CPU
		{CE35B6C4-CFAD-4333-98BC-AA01C7E85FAE}.Release|Any CPU.ActiveCfg = Release|Any CPU
		{CE35B6C4-CFAD-4333-98BC-AA01C7E85FAE}.Release|Any CPU.Build.0 = Release|Any CPU
	EndGlobalSection
	GlobalSection(SolutionProperties) = preSolution
		HideSolutionNode = FALSE
	EndGlobalSection
	GlobalSection(NestedProjects) = preSolution
		{9A0E00CC-C018-4029-BD1C-67B297CA898F} = {942991DB-88DE-47FC-B44D-5DD57855C259}
		{FD4737D7-F58F-4D9D-AE52-62B14731FD7F} = {942991DB-88DE-47FC-B44D-5DD57855C259}
		{8DBC88EB-EA5C-4E95-AC8D-7C419AC4F4B5} = {942991DB-88DE-47FC-B44D-5DD57855C259}
		{FDE35B51-8479-4200-ACD3-DDDCC4CBE4E7} = {942991DB-88DE-47FC-B44D-5DD57855C259}
		{986DE2EE-5322-4AB9-B742-1DC35D8DF627} = {942991DB-88DE-47FC-B44D-5DD57855C259}
		{71ED1D1A-82F3-4D53-ACAD-AD976D1C0795} = {942991DB-88DE-47FC-B44D-5DD57855C259}
		{B338002D-587D-45F8-A4FF-9FCD209D0EF5} = {942991DB-88DE-47FC-B44D-5DD57855C259}
		{4A116E5A-772B-4E90-AC73-4BDE0457EA2B} = {942991DB-88DE-47FC-B44D-5DD57855C259}
		{F91169F8-7D99-4929-85C9-7DFC4B701485} = {942991DB-88DE-47FC-B44D-5DD57855C259}
		{692D9A63-41FE-48A8-8061-8A48AD7EF57B} = {942991DB-88DE-47FC-B44D-5DD57855C259}
		{DFA4399E-A681-469B-B9E6-B2B82B042C8F} = {942991DB-88DE-47FC-B44D-5DD57855C259}
		{B49C189A-1BD5-4E27-A261-3C8B5FEE9EED} = {942991DB-88DE-47FC-B44D-5DD57855C259}
		{EE564CAC-36A7-4545-B90A-F467E5EBEFBB} = {942991DB-88DE-47FC-B44D-5DD57855C259}
		{538A8EE1-0B1A-47E6-89E2-7306A66CFEA6} = {942991DB-88DE-47FC-B44D-5DD57855C259}
		{429F92B7-7677-4F12-9DA7-1701C7D8BB27} = {942991DB-88DE-47FC-B44D-5DD57855C259}
		{52B10BCE-8AAE-4FF5-A89C-26295B825E30} = {942991DB-88DE-47FC-B44D-5DD57855C259}
		{4FEDD489-A016-4DB5-8B11-FD0A9D5F3B8C} = {942991DB-88DE-47FC-B44D-5DD57855C259}
		{ED7F1562-FC99-4939-81D9-2CFDF93C3758} = {942991DB-88DE-47FC-B44D-5DD57855C259}
		{17026DCE-C1BA-4EE8-A12E-D7C9C21FED14} = {942991DB-88DE-47FC-B44D-5DD57855C259}
		{47325609-E671-49B2-8227-FA4A92DCA078} = {942991DB-88DE-47FC-B44D-5DD57855C259}
		{0F53D78E-7067-430C-B080-D092A91E464E} = {942991DB-88DE-47FC-B44D-5DD57855C259}
		{35BED924-5255-41AF-83F0-203D5541DE9F} = {942991DB-88DE-47FC-B44D-5DD57855C259}
		{16D3C195-D885-4C13-A405-7A9DFC74C697} = {942991DB-88DE-47FC-B44D-5DD57855C259}
		{8EC2EDC1-D63E-419C-9764-2A562D3610C2} = {942991DB-88DE-47FC-B44D-5DD57855C259}
		{693EDF86-892F-4C90-9152-80C444331382} = {942991DB-88DE-47FC-B44D-5DD57855C259}
		{F70B0C13-94FA-4107-BAB3-A80367AA3D2F} = {942991DB-88DE-47FC-B44D-5DD57855C259}
		{86985900-F527-4B6D-A81E-274C62968027} = {942991DB-88DE-47FC-B44D-5DD57855C259}
		{379B249B-CAC9-4CF0-A86B-37EEA7A8B914} = {942991DB-88DE-47FC-B44D-5DD57855C259}
		{E43106A3-E25C-4E52-85CD-D40F13010B7C} = {942991DB-88DE-47FC-B44D-5DD57855C259}
		{CE35B6C4-CFAD-4333-98BC-AA01C7E85FAE} = {942991DB-88DE-47FC-B44D-5DD57855C259}
	EndGlobalSection
	GlobalSection(ExtensibilityGlobals) = postSolution
		SolutionGuid = {74020177-B580-46E5-AA3A-FC3483623598}
	EndGlobalSection
EndGlobal
